// !$*UTF8*$!
{
	archiveVersion = 1;
	classes = {
	};
	objectVersion = 50;
	objects = {

/* Begin PBXBuildFile section */
		045F89B026A0A53300604B41 /* AppDelegate.swift in Sources */ = {isa = PBXBuildFile; fileRef = 045F89AF26A0A53300604B41 /* AppDelegate.swift */; };
		045F89B226A0A53300604B41 /* SceneDelegate.swift in Sources */ = {isa = PBXBuildFile; fileRef = 045F89B126A0A53300604B41 /* SceneDelegate.swift */; };
		045F89B426A0A53300604B41 /* LoginViewController.swift in Sources */ = {isa = PBXBuildFile; fileRef = 045F89B326A0A53300604B41 /* LoginViewController.swift */; };
		045F89B926A0A53D00604B41 /* Assets.xcassets in Resources */ = {isa = PBXBuildFile; fileRef = 045F89B826A0A53D00604B41 /* Assets.xcassets */; };
		045F89BC26A0A53D00604B41 /* LaunchScreen.storyboard in Resources */ = {isa = PBXBuildFile; fileRef = 045F89BA26A0A53D00604B41 /* LaunchScreen.storyboard */; };
		045F89DB26A2E6C700604B41 /* Person.swift in Sources */ = {isa = PBXBuildFile; fileRef = 045F89DA26A2E6C700604B41 /* Person.swift */; };
		045F89E026A2EA6200604B41 /* LoginPresenter.swift in Sources */ = {isa = PBXBuildFile; fileRef = 045F89DF26A2EA6200604B41 /* LoginPresenter.swift */; };
/* End PBXBuildFile section */

/* Begin PBXFileReference section */
		045F89AC26A0A53300604B41 /* MVX Patterns.app */ = {isa = PBXFileReference; explicitFileType = wrapper.application; includeInIndex = 0; path = "MVX Patterns.app"; sourceTree = BUILT_PRODUCTS_DIR; };
		045F89AF26A0A53300604B41 /* AppDelegate.swift */ = {isa = PBXFileReference; lastKnownFileType = sourcecode.swift; path = AppDelegate.swift; sourceTree = "<group>"; };
		045F89B126A0A53300604B41 /* SceneDelegate.swift */ = {isa = PBXFileReference; lastKnownFileType = sourcecode.swift; path = SceneDelegate.swift; sourceTree = "<group>"; };
		045F89B326A0A53300604B41 /* LoginViewController.swift */ = {isa = PBXFileReference; lastKnownFileType = sourcecode.swift; path = LoginViewController.swift; sourceTree = "<group>"; };
		045F89B826A0A53D00604B41 /* Assets.xcassets */ = {isa = PBXFileReference; lastKnownFileType = folder.assetcatalog; path = Assets.xcassets; sourceTree = "<group>"; };
		045F89BB26A0A53D00604B41 /* Base */ = {isa = PBXFileReference; lastKnownFileType = file.storyboard; name = Base; path = Base.lproj/LaunchScreen.storyboard; sourceTree = "<group>"; };
		045F89BD26A0A53D00604B41 /* Info.plist */ = {isa = PBXFileReference; lastKnownFileType = text.plist.xml; path = Info.plist; sourceTree = "<group>"; };
		045F89DA26A2E6C700604B41 /* Person.swift */ = {isa = PBXFileReference; lastKnownFileType = sourcecode.swift; path = Person.swift; sourceTree = "<group>"; };
		045F89DF26A2EA6200604B41 /* LoginPresenter.swift */ = {isa = PBXFileReference; lastKnownFileType = sourcecode.swift; path = LoginPresenter.swift; sourceTree = "<group>"; };
/* End PBXFileReference section */

/* Begin PBXFrameworksBuildPhase section */
		045F89A926A0A53300604B41 /* Frameworks */ = {
			isa = PBXFrameworksBuildPhase;
			buildActionMask = 2147483647;
			files = (
			);
			runOnlyForDeploymentPostprocessing = 0;
		};
/* End PBXFrameworksBuildPhase section */

/* Begin PBXGroup section */
		045F89A326A0A53300604B41 = {
			isa = PBXGroup;
			children = (
				045F89AE26A0A53300604B41 /* MVX Patterns */,
				045F89AD26A0A53300604B41 /* Products */,
			);
			sourceTree = "<group>";
		};
		045F89AD26A0A53300604B41 /* Products */ = {
			isa = PBXGroup;
			children = (
				045F89AC26A0A53300604B41 /* MVX Patterns.app */,
			);
			name = Products;
			sourceTree = "<group>";
		};
		045F89AE26A0A53300604B41 /* MVX Patterns */ = {
			isa = PBXGroup;
			children = (
				045F89D526A2E2B000604B41 /* Supporting */,
				045F89D726A2E2BA00604B41 /* Controllers */,
				045F89DD26A2E6CC00604B41 /* Models */,
				045F89E326A2EC7400604B41 /* Presenters */,
				045F89B826A0A53D00604B41 /* Assets.xcassets */,
				045F89BA26A0A53D00604B41 /* LaunchScreen.storyboard */,
			);
			path = "MVX Patterns";
			sourceTree = "<group>";
		};
		045F89D526A2E2B000604B41 /* Supporting */ = {
			isa = PBXGroup;
			children = (
				045F89AF26A0A53300604B41 /* AppDelegate.swift */,
				045F89B126A0A53300604B41 /* SceneDelegate.swift */,
				045F89BD26A0A53D00604B41 /* Info.plist */,
			);
			path = Supporting;
			sourceTree = "<group>";
		};
		045F89D726A2E2BA00604B41 /* Controllers */ = {
			isa = PBXGroup;
			children = (
				045F89B326A0A53300604B41 /* LoginViewController.swift */,
			);
			path = Controllers;
			sourceTree = "<group>";
		};
		045F89DD26A2E6CC00604B41 /* Models */ = {
			isa = PBXGroup;
			children = (
				045F89DA26A2E6C700604B41 /* Person.swift */,
			);
			path = Models;
			sourceTree = "<group>";
		};
		045F89E326A2EC7400604B41 /* Presenters */ = {
			isa = PBXGroup;
			children = (
				045F89DF26A2EA6200604B41 /* LoginPresenter.swift */,
			);
			path = Presenters;
			sourceTree = "<group>";
		};
/* End PBXGroup section */

/* Begin PBXNativeTarget section */
		045F89AB26A0A53300604B41 /* MVX Patterns */ = {
			isa = PBXNativeTarget;
			buildConfigurationList = 045F89C026A0A53D00604B41 /* Build configuration list for PBXNativeTarget "MVX Patterns" */;
			buildPhases = (
				045F89A826A0A53300604B41 /* Sources */,
				045F89A926A0A53300604B41 /* Frameworks */,
				045F89AA26A0A53300604B41 /* Resources */,
			);
			buildRules = (
			);
			dependencies = (
			);
			name = "MVX Patterns";
			productName = "MVX Patterns";
			productReference = 045F89AC26A0A53300604B41 /* MVX Patterns.app */;
			productType = "com.apple.product-type.application";
		};
/* End PBXNativeTarget section */

/* Begin PBXProject section */
		045F89A426A0A53300604B41 /* Project object */ = {
			isa = PBXProject;
			attributes = {
				LastSwiftUpdateCheck = 1230;
				LastUpgradeCheck = 1230;
				TargetAttributes = {
					045F89AB26A0A53300604B41 = {
						CreatedOnToolsVersion = 12.3;
					};
				};
			};
			buildConfigurationList = 045F89A726A0A53300604B41 /* Build configuration list for PBXProject "MVX Patterns" */;
			compatibilityVersion = "Xcode 9.3";
			developmentRegion = en;
			hasScannedForEncodings = 0;
			knownRegions = (
				en,
				Base,
			);
			mainGroup = 045F89A326A0A53300604B41;
			productRefGroup = 045F89AD26A0A53300604B41 /* Products */;
			projectDirPath = "";
			projectRoot = "";
			targets = (
				045F89AB26A0A53300604B41 /* MVX Patterns */,
			);
		};
/* End PBXProject section */

/* Begin PBXResourcesBuildPhase section */
		045F89AA26A0A53300604B41 /* Resources */ = {
			isa = PBXResourcesBuildPhase;
			buildActionMask = 2147483647;
			files = (
				045F89BC26A0A53D00604B41 /* LaunchScreen.storyboard in Resources */,
				045F89B926A0A53D00604B41 /* Assets.xcassets in Resources */,
			);
			runOnlyForDeploymentPostprocessing = 0;
		};
/* End PBXResourcesBuildPhase section */

/* Begin PBXSourcesBuildPhase section */
		045F89A826A0A53300604B41 /* Sources */ = {
			isa = PBXSourcesBuildPhase;
			buildActionMask = 2147483647;
			files = (
				045F89B426A0A53300604B41 /* LoginViewController.swift in Sources */,
				045F89B026A0A53300604B41 /* AppDelegate.swift in Sources */,
				045F89DB26A2E6C700604B41 /* Person.swift in Sources */,
				045F89B226A0A53300604B41 /* SceneDelegate.swift in Sources */,
				045F89E026A2EA6200604B41 /* LoginPresenter.swift in Sources */,
			);
			runOnlyForDeploymentPostprocessing = 0;
		};
/* End PBXSourcesBuildPhase section */

/* Begin PBXVariantGroup section */
		045F89BA26A0A53D00604B41 /* LaunchScreen.storyboard */ = {
			isa = PBXVariantGroup;
			children = (
				045F89BB26A0A53D00604B41 /* Base */,
			);
			name = LaunchScreen.storyboard;
			sourceTree = "<group>";
		};
/* End PBXVariantGroup section */

/* Begin XCBuildConfiguration section */
		045F89BE26A0A53D00604B41 /* Debug */ = {
			isa = XCBuildConfiguration;
			buildSettings = {
				ALWAYS_SEARCH_USER_PATHS = NO;
				CLANG_ANALYZER_NONNULL = YES;
				CLANG_ANALYZER_NUMBER_OBJECT_CONVERSION = YES_AGGRESSIVE;
				CLANG_CXX_LANGUAGE_STANDARD = "gnu++14";
				CLANG_CXX_LIBRARY = "libc++";
				CLANG_ENABLE_MODULES = YES;
				CLANG_ENABLE_OBJC_ARC = YES;
				CLANG_ENABLE_OBJC_WEAK = YES;
				CLANG_WARN_BLOCK_CAPTURE_AUTORELEASING = YES;
				CLANG_WARN_BOOL_CONVERSION = YES;
				CLANG_WARN_COMMA = YES;
				CLANG_WARN_CONSTANT_CONVERSION = YES;
				CLANG_WARN_DEPRECATED_OBJC_IMPLEMENTATIONS = YES;
				CLANG_WARN_DIRECT_OBJC_ISA_USAGE = YES_ERROR;
				CLANG_WARN_DOCUMENTATION_COMMENTS = YES;
				CLANG_WARN_EMPTY_BODY = YES;
				CLANG_WARN_ENUM_CONVERSION = YES;
				CLANG_WARN_INFINITE_RECURSION = YES;
				CLANG_WARN_INT_CONVERSION = YES;
				CLANG_WARN_NON_LITERAL_NULL_CONVERSION = YES;
				CLANG_WARN_OBJC_IMPLICIT_RETAIN_SELF = YES;
				CLANG_WARN_OBJC_LITERAL_CONVERSION = YES;
				CLANG_WARN_OBJC_ROOT_CLASS = YES_ERROR;
				CLANG_WARN_QUOTED_INCLUDE_IN_FRAMEWORK_HEADER = YES;
				CLANG_WARN_RANGE_LOOP_ANALYSIS = YES;
				CLANG_WARN_STRICT_PROTOTYPES = YES;
				CLANG_WARN_SUSPICIOUS_MOVE = YES;
				CLANG_WARN_UNGUARDED_AVAILABILITY = YES_AGGRESSIVE;
				CLANG_WARN_UNREACHABLE_CODE = YES;
				CLANG_WARN__DUPLICATE_METHOD_MATCH = YES;
				COPY_PHASE_STRIP = NO;
				DEBUG_INFORMATION_FORMAT = dwarf;
				ENABLE_STRICT_OBJC_MSGSEND = YES;
				ENABLE_TESTABILITY = YES;
				GCC_C_LANGUAGE_STANDARD = gnu11;
				GCC_DYNAMIC_NO_PIC = NO;
				GCC_NO_COMMON_BLOCKS = YES;
				GCC_OPTIMIZATION_LEVEL = 0;
				GCC_PREPROCESSOR_DEFINITIONS = (
					"DEBUG=1",
					"$(inherited)",
				);
				GCC_WARN_64_TO_32_BIT_CONVERSION = YES;
				GCC_WARN_ABOUT_RETURN_TYPE = YES_ERROR;
				GCC_WARN_UNDECLARED_SELECTOR = YES;
				GCC_WARN_UNINITIALIZED_AUTOS = YES_AGGRESSIVE;
				GCC_WARN_UNUSED_FUNCTION = YES;
				GCC_WARN_UNUSED_VARIABLE = YES;
				IPHONEOS_DEPLOYMENT_TARGET = 14.3;
				MTL_ENABLE_DEBUG_INFO = INCLUDE_SOURCE;
				MTL_FAST_MATH = YES;
				ONLY_ACTIVE_ARCH = YES;
				SDKROOT = iphoneos;
				SWIFT_ACTIVE_COMPILATION_CONDITIONS = DEBUG;
				SWIFT_OPTIMIZATION_LEVEL = "-Onone";
			};
			name = Debug;
		};
		045F89BF26A0A53D00604B41 /* Release */ = {
			isa = XCBuildConfiguration;
			buildSettings = {
				ALWAYS_SEARCH_USER_PATHS = NO;
				CLANG_ANALYZER_NONNULL = YES;
				CLANG_ANALYZER_NUMBER_OBJECT_CONVERSION = YES_AGGRESSIVE;
				CLANG_CXX_LANGUAGE_STANDARD = "gnu++14";
				CLANG_CXX_LIBRARY = "libc++";
				CLANG_ENABLE_MODULES = YES;
				CLANG_ENABLE_OBJC_ARC = YES;
				CLANG_ENABLE_OBJC_WEAK = YES;
				CLANG_WARN_BLOCK_CAPTURE_AUTORELEASING = YES;
				CLANG_WARN_BOOL_CONVERSION = YES;
				CLANG_WARN_COMMA = YES;
				CLANG_WARN_CONSTANT_CONVERSION = YES;
				CLANG_WARN_DEPRECATED_OBJC_IMPLEMENTATIONS = YES;
				CLANG_WARN_DIRECT_OBJC_ISA_USAGE = YES_ERROR;
				CLANG_WARN_DOCUMENTATION_COMMENTS = YES;
				CLANG_WARN_EMPTY_BODY = YES;
				CLANG_WARN_ENUM_CONVERSION = YES;
				CLANG_WARN_INFINITE_RECURSION = YES;
				CLANG_WARN_INT_CONVERSION = YES;
				CLANG_WARN_NON_LITERAL_NULL_CONVERSION = YES;
				CLANG_WARN_OBJC_IMPLICIT_RETAIN_SELF = YES;
				CLANG_WARN_OBJC_LITERAL_CONVERSION = YES;
				CLANG_WARN_OBJC_ROOT_CLASS = YES_ERROR;
				CLANG_WARN_QUOTED_INCLUDE_IN_FRAMEWORK_HEADER = YES;
				CLANG_WARN_RANGE_LOOP_ANALYSIS = YES;
				CLANG_WARN_STRICT_PROTOTYPES = YES;
				CLANG_WARN_SUSPICIOUS_MOVE = YES;
				CLANG_WARN_UNGUARDED_AVAILABILITY = YES_AGGRESSIVE;
				CLANG_WARN_UNREACHABLE_CODE = YES;
				CLANG_WARN__DUPLICATE_METHOD_MATCH = YES;
				COPY_PHASE_STRIP = NO;
				DEBUG_INFORMATION_FORMAT = "dwarf-with-dsym";
				ENABLE_NS_ASSERTIONS = NO;
				ENABLE_STRICT_OBJC_MSGSEND = YES;
				GCC_C_LANGUAGE_STANDARD = gnu11;
				GCC_NO_COMMON_BLOCKS = YES;
				GCC_WARN_64_TO_32_BIT_CONVERSION = YES;
				GCC_WARN_ABOUT_RETURN_TYPE = YES_ERROR;
				GCC_WARN_UNDECLARED_SELECTOR = YES;
				GCC_WARN_UNINITIALIZED_AUTOS = YES_AGGRESSIVE;
				GCC_WARN_UNUSED_FUNCTION = YES;
				GCC_WARN_UNUSED_VARIABLE = YES;
				IPHONEOS_DEPLOYMENT_TARGET = 14.3;
				MTL_ENABLE_DEBUG_INFO = NO;
				MTL_FAST_MATH = YES;
				SDKROOT = iphoneos;
				SWIFT_COMPILATION_MODE = wholemodule;
				SWIFT_OPTIMIZATION_LEVEL = "-O";
				VALIDATE_PRODUCT = YES;
			};
			name = Release;
		};
		045F89C126A0A53D00604B41 /* Debug */ = {
			isa = XCBuildConfiguration;
			buildSettings = {
				ASSETCATALOG_COMPILER_APPICON_NAME = AppIcon;
				ASSETCATALOG_COMPILER_GLOBAL_ACCENT_COLOR_NAME = AccentColor;
				CODE_SIGN_STYLE = Automatic;
				DEVELOPMENT_TEAM = JCX8Z993GT;
				INFOPLIST_FILE = "MVX Patterns/Supporting/Info.plist";
				LD_RUNPATH_SEARCH_PATHS = (
					"$(inherited)",
					"@executable_path/Frameworks",
				);
				PRODUCT_BUNDLE_IDENTIFIER = "AB.bavcom.MVX-Patterns";
				PRODUCT_NAME = "$(TARGET_NAME)";
				SWIFT_VERSION = 5.0;
				TARGETED_DEVICE_FAMILY = "1,2";
			};
			name = Debug;
		};
		045F89C226A0A53D00604B41 /* Release */ = {
			isa = XCBuildConfiguration;
			buildSettings = {
				ASSETCATALOG_COMPILER_APPICON_NAME = AppIcon;
				ASSETCATALOG_COMPILER_GLOBAL_ACCENT_COLOR_NAME = AccentColor;
				CODE_SIGN_STYLE = Automatic;
				DEVELOPMENT_TEAM = JCX8Z993GT;
				INFOPLIST_FILE = "MVX Patterns/Supporting/Info.plist";
				LD_RUNPATH_SEARCH_PATHS = (
					"$(inherited)",
					"@executable_path/Frameworks",
				);
				PRODUCT_BUNDLE_IDENTIFIER = "AB.bavcom.MVX-Patterns";
				PRODUCT_NAME = "$(TARGET_NAME)";
				SWIFT_VERSION = 5.0;
				TARGETED_DEVICE_FAMILY = "1,2";
			};
			name = Release;
		};
/* End XCBuildConfiguration section */

/* Begin XCConfigurationList section */
		045F89A726A0A53300604B41 /* Build configuration list for PBXProject "MVX Patterns" */ = {
			isa = XCConfigurationList;
			buildConfigurations = (
				045F89BE26A0A53D00604B41 /* Debug */,
				045F89BF26A0A53D00604B41 /* Release */,
			);
			defaultConfigurationIsVisible = 0;
			defaultConfigurationName = Release;
		};
		045F89C026A0A53D00604B41 /* Build configuration list for PBXNativeTarget "MVX Patterns" */ = {
			isa = XCConfigurationList;
			buildConfigurations = (
				045F89C126A0A53D00604B41 /* Debug */,
				045F89C226A0A53D00604B41 /* Release */,
			);
			defaultConfigurationIsVisible = 0;
			defaultConfigurationName = Release;
		};
/* End XCConfigurationList section */
	};
	rootObject = 045F89A426A0A53300604B41 /* Project object */;
}
